
Microsoft Visual Studio Solution File, Format Version 12.00
# Visual Studio Version 17
VisualStudioVersion = 17.10.35013.160
MinimumVisualStudioVersion = 10.0.40219.1
Project("{FAE04EC0-301F-11D3-BF4B-00C04F79EFBC}") = "WindowsFormsAppSimpleRPG", "WindowsFormsAppSimpleRPG\WindowsFormsAppSimpleRPG.csproj", "{32B1FB49-C20C-4E0F-AE58-94172A8E1B51}"
EndProject
Global
	GlobalSection(SolutionConfigurationPlatforms) = preSolution
		Debug|Any CPU = Debug|Any CPU
		Release|Any CPU = Release|Any CPU
	EndGlobalSection
	GlobalSection(ProjectConfigurationPlatforms) = postSolution
		{32B1FB49-C20C-4E0F-AE58-94172A8E1B51}.Debug|Any CPU.ActiveCfg = Debug|Any CPU
		{32B1FB49-C20C-4E0F-AE58-94172A8E1B51}.Debug|Any CPU.Build.0 = Debug|Any CPU
		{32B1FB49-C20C-4E0F-AE58-94172A8E1B51}.Release|Any CPU.ActiveCfg = Release|Any CPU
		{32B1FB49-C20C-4E0F-AE58-94172A8E1B51}.Release|Any CPU.Build.0 = Release|Any CPU
	EndGlobalSection
	GlobalSection(SolutionProperties) = preSolution
		HideSolutionNode = FALSE
	EndGlobalSection
	GlobalSection(ExtensibilityGlobals) = postSolution
		SolutionGuid = {20525283-0F4A-4A19-B04F-20DF6FF4B654}
	EndGlobalSection
EndGlobal
